
Microsoft Visual Studio Solution File, Format Version 12.00
# Visual Studio Version 17
VisualStudioVersion = 17.8.34408.163
MinimumVisualStudioVersion = 10.0.40219.1
Project("{FAE04EC0-301F-11D3-BF4B-00C04F79EFBC}") = "GambleAPI", "GambleAPI\GambleAPI.csproj", "{1E7B9A1A-AFF1-45C0-AD7B-AB93379EAE6B}"
EndProject
Global
	GlobalSection(SolutionConfigurationPlatforms) = preSolution
		Debug|Any CPU = Debug|Any CPU
		Release|Any CPU = Release|Any CPU
	EndGlobalSection
	GlobalSection(ProjectConfigurationPlatforms) = postSolution
		{1E7B9A1A-AFF1-45C0-AD7B-AB93379EAE6B}.Debug|Any CPU.ActiveCfg = Debug|Any CPU
		{1E7B9A1A-AFF1-45C0-AD7B-AB93379EAE6B}.Debug|Any CPU.Build.0 = Debug|Any CPU
		{1E7B9A1A-AFF1-45C0-AD7B-AB93379EAE6B}.Release|Any CPU.ActiveCfg = Release|Any CPU
		{1E7B9A1A-AFF1-45C0-AD7B-AB93379EAE6B}.Release|Any CPU.Build.0 = Release|Any CPU
	EndGlobalSection
	GlobalSection(SolutionProperties) = preSolution
		HideSolutionNode = FALSE
	EndGlobalSection
	GlobalSection(ExtensibilityGlobals) = postSolution
		SolutionGuid = {CB36EFA7-B9E2-42BD-B78D-61295865CF31}
	EndGlobalSection
EndGlobal
